# THIS IS AN AUTOGENERATED FILE. DO NOT EDIT THIS FILE DIRECTLY.
# yarn lockfile v1


dedent@^1.5.1:
  version "1.5.1"
  resolved "https://registry.yarnpkg.com/dedent/-/dedent-1.5.1.tgz#4f3fc94c8b711e9bb2800d185cd6ad20f2a90aff"
  integrity sha512-+LxW+KLWxu3HW3M2w2ympwtqPrqYRzU8fqi6Fhd18fBALe15blJPI/I4+UHveMVG6lJqB4JNd4UG0S5cnVHwIg==

purs-to-md@^0.3.0:
  version "0.3.0"
  resolved "https://registry.yarnpkg.com/purs-to-md/-/purs-to-md-0.3.0.tgz#8b547d7251869455f7f2bf4f5b3f2769e0c35307"
  integrity sha512-+2+qyCGTqbgYNWEG1C4LzuhYjg9ipct+HcYBRqO8i+YdnrbdzDYpZxM4YRRP2OV4Zdt3MSKFd31lwr2jTkAKIA==
